// !$*UTF8*$!
{
	archiveVersion = 1;
	classes = {
	};
	objectVersion = 46;
	objects = {

/* Begin PBXBuildFile section */
		240636F883D5AEB2C9793049 /* Pods_Im_here.framework in Frameworks */ = {isa = PBXBuildFile; fileRef = D68D303CD2EB7A108F41754D /* Pods_Im_here.framework */; };
		5752009D1E7F651D00FBB488 /* CalendarViewController.swift in Sources */ = {isa = PBXBuildFile; fileRef = 5752009C1E7F651D00FBB488 /* CalendarViewController.swift */; };
		57819D0B1E65CAAB00A767AD /* CoreData.framework in Frameworks */ = {isa = PBXBuildFile; fileRef = 57819D0A1E65CAAB00A767AD /* CoreData.framework */; settings = {ATTRIBUTES = (Required, ); }; };
		57819D0F1E65CECF00A767AD /* Shift.xcdatamodeld in Sources */ = {isa = PBXBuildFile; fileRef = 57819D0D1E65CECF00A767AD /* Shift.xcdatamodeld */; };
		57819D111E65DC9000A767AD /* Database.swift in Sources */ = {isa = PBXBuildFile; fileRef = 57819D101E65DC9000A767AD /* Database.swift */; };
		57DC18931E64BEBA008632BF /* AppDelegate.swift in Sources */ = {isa = PBXBuildFile; fileRef = 57DC18921E64BEBA008632BF /* AppDelegate.swift */; };
		57DC18951E64BEBA008632BF /* PunchViewController.swift in Sources */ = {isa = PBXBuildFile; fileRef = 57DC18941E64BEBA008632BF /* PunchViewController.swift */; };
		57DC189A1E64BEBA008632BF /* Main.storyboard in Resources */ = {isa = PBXBuildFile; fileRef = 57DC18981E64BEBA008632BF /* Main.storyboard */; };
		57DC189C1E64BEBA008632BF /* Assets.xcassets in Resources */ = {isa = PBXBuildFile; fileRef = 57DC189B1E64BEBA008632BF /* Assets.xcassets */; };
		57DC189F1E64BEBA008632BF /* LaunchScreen.storyboard in Resources */ = {isa = PBXBuildFile; fileRef = 57DC189D1E64BEBA008632BF /* LaunchScreen.storyboard */; };
		57DC18DB1E64CFFE008632BF /* ThirdViewController.swift in Sources */ = {isa = PBXBuildFile; fileRef = 57DC18DA1E64CFFE008632BF /* ThirdViewController.swift */; };
		57DC18DD1E64D896008632BF /* Clock.swift in Sources */ = {isa = PBXBuildFile; fileRef = 57DC18DC1E64D896008632BF /* Clock.swift */; };
/* End PBXBuildFile section */

/* Begin PBXFileReference section */
		5752009C1E7F651D00FBB488 /* CalendarViewController.swift */ = {isa = PBXFileReference; fileEncoding = 4; lastKnownFileType = sourcecode.swift; path = CalendarViewController.swift; sourceTree = "<group>"; };
		57819D0A1E65CAAB00A767AD /* CoreData.framework */ = {isa = PBXFileReference; lastKnownFileType = wrapper.framework; name = CoreData.framework; path = System/Library/Frameworks/CoreData.framework; sourceTree = SDKROOT; };
		57819D0E1E65CECF00A767AD /* Shift.xcdatamodel */ = {isa = PBXFileReference; lastKnownFileType = wrapper.xcdatamodel; path = Shift.xcdatamodel; sourceTree = "<group>"; };
		57819D101E65DC9000A767AD /* Database.swift */ = {isa = PBXFileReference; fileEncoding = 4; indentWidth = 2; lastKnownFileType = sourcecode.swift; path = Database.swift; sourceTree = "<group>"; tabWidth = 2; };
		57DC188F1E64BEBA008632BF /* Im here.app */ = {isa = PBXFileReference; explicitFileType = wrapper.application; includeInIndex = 0; path = "Im here.app"; sourceTree = BUILT_PRODUCTS_DIR; };
		57DC18921E64BEBA008632BF /* AppDelegate.swift */ = {isa = PBXFileReference; lastKnownFileType = sourcecode.swift; path = AppDelegate.swift; sourceTree = "<group>"; };
		57DC18941E64BEBA008632BF /* PunchViewController.swift */ = {isa = PBXFileReference; indentWidth = 2; lastKnownFileType = sourcecode.swift; path = PunchViewController.swift; sourceTree = "<group>"; tabWidth = 2; };
		57DC18991E64BEBA008632BF /* Base */ = {isa = PBXFileReference; lastKnownFileType = file.storyboard; name = Base; path = Base.lproj/Main.storyboard; sourceTree = "<group>"; };
		57DC189B1E64BEBA008632BF /* Assets.xcassets */ = {isa = PBXFileReference; lastKnownFileType = folder.assetcatalog; path = Assets.xcassets; sourceTree = "<group>"; };
		57DC189E1E64BEBA008632BF /* Base */ = {isa = PBXFileReference; lastKnownFileType = file.storyboard; name = Base; path = Base.lproj/LaunchScreen.storyboard; sourceTree = "<group>"; };
		57DC18A01E64BEBA008632BF /* Info.plist */ = {isa = PBXFileReference; lastKnownFileType = text.plist.xml; path = Info.plist; sourceTree = "<group>"; };
		57DC18A61E64BF2B008632BF /* I'm here-Bridging-Header.h */ = {isa = PBXFileReference; lastKnownFileType = sourcecode.c.h; path = "I'm here-Bridging-Header.h"; sourceTree = "<group>"; };
		57DC18DA1E64CFFE008632BF /* ThirdViewController.swift */ = {isa = PBXFileReference; fileEncoding = 4; lastKnownFileType = sourcecode.swift; path = ThirdViewController.swift; sourceTree = "<group>"; };
		57DC18DC1E64D896008632BF /* Clock.swift */ = {isa = PBXFileReference; fileEncoding = 4; lastKnownFileType = sourcecode.swift; path = Clock.swift; sourceTree = "<group>"; };
		6B847FFEFA9A44597BB0BFAE /* Pods_I_m_here.framework */ = {isa = PBXFileReference; explicitFileType = wrapper.framework; includeInIndex = 0; path = Pods_I_m_here.framework; sourceTree = BUILT_PRODUCTS_DIR; };
		B8A8491BFB30DE8C0379C4BC /* Pods-Im here.debug.xcconfig */ = {isa = PBXFileReference; includeInIndex = 1; lastKnownFileType = text.xcconfig; name = "Pods-Im here.debug.xcconfig"; path = "Pods/Target Support Files/Pods-Im here/Pods-Im here.debug.xcconfig"; sourceTree = "<group>"; };
		C55220D48008E7295D9C7F75 /* Pods-Im here.release.xcconfig */ = {isa = PBXFileReference; includeInIndex = 1; lastKnownFileType = text.xcconfig; name = "Pods-Im here.release.xcconfig"; path = "Pods/Target Support Files/Pods-Im here/Pods-Im here.release.xcconfig"; sourceTree = "<group>"; };
		D68D303CD2EB7A108F41754D /* Pods_Im_here.framework */ = {isa = PBXFileReference; explicitFileType = wrapper.framework; includeInIndex = 0; path = Pods_Im_here.framework; sourceTree = BUILT_PRODUCTS_DIR; };
/* End PBXFileReference section */

/* Begin PBXFrameworksBuildPhase section */
		57DC188C1E64BEBA008632BF /* Frameworks */ = {
			isa = PBXFrameworksBuildPhase;
			buildActionMask = 2147483647;
			files = (
				57819D0B1E65CAAB00A767AD /* CoreData.framework in Frameworks */,
				240636F883D5AEB2C9793049 /* Pods_Im_here.framework in Frameworks */,
			);
			runOnlyForDeploymentPostprocessing = 0;
		};
/* End PBXFrameworksBuildPhase section */

/* Begin PBXGroup section */
		57819D091E65CAAB00A767AD /* Frameworks */ = {
			isa = PBXGroup;
			children = (
				57819D0A1E65CAAB00A767AD /* CoreData.framework */,
				6B847FFEFA9A44597BB0BFAE /* Pods_I_m_here.framework */,
				D68D303CD2EB7A108F41754D /* Pods_Im_here.framework */,
			);
			name = Frameworks;
			sourceTree = "<group>";
		};
		57DC18861E64BEBA008632BF = {
			isa = PBXGroup;
			children = (
				57DC18911E64BEBA008632BF /* Im here */,
				57DC18901E64BEBA008632BF /* Products */,
				57DC18A61E64BF2B008632BF /* I'm here-Bridging-Header.h */,
				57819D091E65CAAB00A767AD /* Frameworks */,
				62023A18DC2C65120AE76DF5 /* Pods */,
			);
			sourceTree = "<group>";
		};
		57DC18901E64BEBA008632BF /* Products */ = {
			isa = PBXGroup;
			children = (
				57DC188F1E64BEBA008632BF /* Im here.app */,
			);
			name = Products;
			sourceTree = "<group>";
		};
		57DC18911E64BEBA008632BF /* Im here */ = {
			isa = PBXGroup;
			children = (
				57819D0D1E65CECF00A767AD /* Shift.xcdatamodeld */,
				57DC18921E64BEBA008632BF /* AppDelegate.swift */,
				57DC189B1E64BEBA008632BF /* Assets.xcassets */,
				57DC18941E64BEBA008632BF /* PunchViewController.swift */,
				5752009C1E7F651D00FBB488 /* CalendarViewController.swift */,
				57DC18DA1E64CFFE008632BF /* ThirdViewController.swift */,
				57DC18DC1E64D896008632BF /* Clock.swift */,
				57819D101E65DC9000A767AD /* Database.swift */,
				57DC189D1E64BEBA008632BF /* LaunchScreen.storyboard */,
				57DC18981E64BEBA008632BF /* Main.storyboard */,
				57DC18A01E64BEBA008632BF /* Info.plist */,
			);
			name = "Im here";
			path = "I'm here";
			sourceTree = "<group>";
		};
		62023A18DC2C65120AE76DF5 /* Pods */ = {
			isa = PBXGroup;
			children = (
				B8A8491BFB30DE8C0379C4BC /* Pods-Im here.debug.xcconfig */,
				C55220D48008E7295D9C7F75 /* Pods-Im here.release.xcconfig */,
			);
			name = Pods;
			sourceTree = "<group>";
		};
/* End PBXGroup section */

/* Begin PBXNativeTarget section */
		57DC188E1E64BEBA008632BF /* Im here */ = {
			isa = PBXNativeTarget;
			buildConfigurationList = 57DC18A31E64BEBA008632BF /* Build configuration list for PBXNativeTarget "Im here" */;
			buildPhases = (
				C785EC7B633800E7F467621F /* [CP] Check Pods Manifest.lock */,
				57DC188B1E64BEBA008632BF /* Sources */,
				57DC188C1E64BEBA008632BF /* Frameworks */,
				57DC188D1E64BEBA008632BF /* Resources */,
				51FE32A3323EB36CC3288ED2 /* [CP] Embed Pods Frameworks */,
				152D30FCA2C31397820B3FBF /* [CP] Copy Pods Resources */,
			);
			buildRules = (
			);
			dependencies = (
			);
			name = "Im here";
			productName = "I'm here";
			productReference = 57DC188F1E64BEBA008632BF /* Im here.app */;
			productType = "com.apple.product-type.application";
		};
/* End PBXNativeTarget section */

/* Begin PBXProject section */
		57DC18871E64BEBA008632BF /* Project object */ = {
			isa = PBXProject;
			attributes = {
				LastSwiftUpdateCheck = 0820;
				LastUpgradeCheck = 0820;
				ORGANIZATIONNAME = "Victor Presumido";
				TargetAttributes = {
					57DC188E1E64BEBA008632BF = {
						CreatedOnToolsVersion = 8.2.1;
						DevelopmentTeam = QS7TKRTVHZ;
						LastSwiftMigration = 0820;
						ProvisioningStyle = Automatic;
					};
				};
			};
			buildConfigurationList = 57DC188A1E64BEBA008632BF /* Build configuration list for PBXProject "Im here" */;
			compatibilityVersion = "Xcode 3.2";
			developmentRegion = English;
			hasScannedForEncodings = 0;
			knownRegions = (
				en,
				Base,
			);
			mainGroup = 57DC18861E64BEBA008632BF;
			productRefGroup = 57DC18901E64BEBA008632BF /* Products */;
			projectDirPath = "";
			projectRoot = "";
			targets = (
				57DC188E1E64BEBA008632BF /* Im here */,
			);
		};
/* End PBXProject section */

/* Begin PBXResourcesBuildPhase section */
		57DC188D1E64BEBA008632BF /* Resources */ = {
			isa = PBXResourcesBuildPhase;
			buildActionMask = 2147483647;
			files = (
				57DC189F1E64BEBA008632BF /* LaunchScreen.storyboard in Resources */,
				57DC189C1E64BEBA008632BF /* Assets.xcassets in Resources */,
				57DC189A1E64BEBA008632BF /* Main.storyboard in Resources */,
			);
			runOnlyForDeploymentPostprocessing = 0;
		};
/* End PBXResourcesBuildPhase section */

/* Begin PBXShellScriptBuildPhase section */
		152D30FCA2C31397820B3FBF /* [CP] Copy Pods Resources */ = {
			isa = PBXShellScriptBuildPhase;
			buildActionMask = 2147483647;
			files = (
			);
			inputPaths = (
			);
			name = "[CP] Copy Pods Resources";
			outputPaths = (
			);
			runOnlyForDeploymentPostprocessing = 0;
			shellPath = /bin/sh;
			shellScript = "\"${SRCROOT}/Pods/Target Support Files/Pods-Im here/Pods-Im here-resources.sh\"\n";
			showEnvVarsInLog = 0;
		};
		51FE32A3323EB36CC3288ED2 /* [CP] Embed Pods Frameworks */ = {
			isa = PBXShellScriptBuildPhase;
			buildActionMask = 2147483647;
			files = (
			);
			inputPaths = (
			);
			name = "[CP] Embed Pods Frameworks";
			outputPaths = (
			);
			runOnlyForDeploymentPostprocessing = 0;
			shellPath = /bin/sh;
			shellScript = "\"${SRCROOT}/Pods/Target Support Files/Pods-Im here/Pods-Im here-frameworks.sh\"\n";
			showEnvVarsInLog = 0;
		};
		C785EC7B633800E7F467621F /* [CP] Check Pods Manifest.lock */ = {
			isa = PBXShellScriptBuildPhase;
			buildActionMask = 2147483647;
			files = (
			);
			inputPaths = (
			);
			name = "[CP] Check Pods Manifest.lock";
			outputPaths = (
			);
			runOnlyForDeploymentPostprocessing = 0;
			shellPath = /bin/sh;
			shellScript = "diff \"${PODS_ROOT}/../Podfile.lock\" \"${PODS_ROOT}/Manifest.lock\" > /dev/null\nif [ $? != 0 ] ; then\n    # print error to STDERR\n    echo \"error: The sandbox is not in sync with the Podfile.lock. Run 'pod install' or update your CocoaPods installation.\" >&2\n    exit 1\nfi\n";
			showEnvVarsInLog = 0;
		};
/* End PBXShellScriptBuildPhase section */

/* Begin PBXSourcesBuildPhase section */
		57DC188B1E64BEBA008632BF /* Sources */ = {
			isa = PBXSourcesBuildPhase;
			buildActionMask = 2147483647;
			files = (
				57DC18DB1E64CFFE008632BF /* ThirdViewController.swift in Sources */,
				57DC18DD1E64D896008632BF /* Clock.swift in Sources */,
				57819D0F1E65CECF00A767AD /* Shift.xcdatamodeld in Sources */,
				57DC18931E64BEBA008632BF /* AppDelegate.swift in Sources */,
				57DC18951E64BEBA008632BF /* PunchViewController.swift in Sources */,
				5752009D1E7F651D00FBB488 /* CalendarViewController.swift in Sources */,
				57819D111E65DC9000A767AD /* Database.swift in Sources */,
			);
			runOnlyForDeploymentPostprocessing = 0;
		};
/* End PBXSourcesBuildPhase section */

/* Begin PBXVariantGroup section */
		57DC18981E64BEBA008632BF /* Main.storyboard */ = {
			isa = PBXVariantGroup;
			children = (
				57DC18991E64BEBA008632BF /* Base */,
			);
			name = Main.storyboard;
			path = .;
			sourceTree = "<group>";
		};
		57DC189D1E64BEBA008632BF /* LaunchScreen.storyboard */ = {
			isa = PBXVariantGroup;
			children = (
				57DC189E1E64BEBA008632BF /* Base */,
			);
			name = LaunchScreen.storyboard;
			path = .;
			sourceTree = "<group>";
		};
/* End PBXVariantGroup section */

/* Begin XCBuildConfiguration section */
		57DC18A11E64BEBA008632BF /* Debug */ = {
			isa = XCBuildConfiguration;
			buildSettings = {
				ALWAYS_SEARCH_USER_PATHS = NO;
				CLANG_ANALYZER_NONNULL = YES;
				CLANG_CXX_LANGUAGE_STANDARD = "gnu++0x";
				CLANG_CXX_LIBRARY = "libc++";
				CLANG_ENABLE_MODULES = YES;
				CLANG_ENABLE_OBJC_ARC = YES;
				CLANG_WARN_BOOL_CONVERSION = YES;
				CLANG_WARN_CONSTANT_CONVERSION = YES;
				CLANG_WARN_DIRECT_OBJC_ISA_USAGE = YES_ERROR;
				CLANG_WARN_DOCUMENTATION_COMMENTS = YES;
				CLANG_WARN_EMPTY_BODY = YES;
				CLANG_WARN_ENUM_CONVERSION = YES;
				CLANG_WARN_INFINITE_RECURSION = YES;
				CLANG_WARN_INT_CONVERSION = YES;
				CLANG_WARN_OBJC_ROOT_CLASS = YES_ERROR;
				CLANG_WARN_SUSPICIOUS_MOVE = YES;
				CLANG_WARN_UNREACHABLE_CODE = YES;
				CLANG_WARN__DUPLICATE_METHOD_MATCH = YES;
				"CODE_SIGN_IDENTITY[sdk=iphoneos*]" = "iPhone Developer";
				COPY_PHASE_STRIP = NO;
				DEBUG_INFORMATION_FORMAT = dwarf;
				ENABLE_STRICT_OBJC_MSGSEND = YES;
				ENABLE_TESTABILITY = YES;
				GCC_C_LANGUAGE_STANDARD = gnu99;
				GCC_DYNAMIC_NO_PIC = NO;
				GCC_NO_COMMON_BLOCKS = YES;
				GCC_OPTIMIZATION_LEVEL = 0;
				GCC_PREPROCESSOR_DEFINITIONS = (
					"DEBUG=1",
					"$(inherited)",
				);
				GCC_WARN_64_TO_32_BIT_CONVERSION = YES;
				GCC_WARN_ABOUT_RETURN_TYPE = YES_ERROR;
				GCC_WARN_UNDECLARED_SELECTOR = YES;
				GCC_WARN_UNINITIALIZED_AUTOS = YES_AGGRESSIVE;
				GCC_WARN_UNUSED_FUNCTION = YES;
				GCC_WARN_UNUSED_VARIABLE = YES;
				IPHONEOS_DEPLOYMENT_TARGET = 10.2;
				MTL_ENABLE_DEBUG_INFO = YES;
				ONLY_ACTIVE_ARCH = YES;
				SDKROOT = iphoneos;
				SWIFT_ACTIVE_COMPILATION_CONDITIONS = DEBUG;
				SWIFT_OPTIMIZATION_LEVEL = "-Onone";
				TARGETED_DEVICE_FAMILY = "1,2";
			};
			name = Debug;
		};
		57DC18A21E64BEBA008632BF /* Release */ = {
			isa = XCBuildConfiguration;
			buildSettings = {
				ALWAYS_SEARCH_USER_PATHS = NO;
				CLANG_ANALYZER_NONNULL = YES;
				CLANG_CXX_LANGUAGE_STANDARD = "gnu++0x";
				CLANG_CXX_LIBRARY = "libc++";
				CLANG_ENABLE_MODULES = YES;
				CLANG_ENABLE_OBJC_ARC = YES;
				CLANG_WARN_BOOL_CONVERSION = YES;
				CLANG_WARN_CONSTANT_CONVERSION = YES;
				CLANG_WARN_DIRECT_OBJC_ISA_USAGE = YES_ERROR;
				CLANG_WARN_DOCUMENTATION_COMMENTS = YES;
				CLANG_WARN_EMPTY_BODY = YES;
				CLANG_WARN_ENUM_CONVERSION = YES;
				CLANG_WARN_INFINITE_RECURSION = YES;
				CLANG_WARN_INT_CONVERSION = YES;
				CLANG_WARN_OBJC_ROOT_CLASS = YES_ERROR;
				CLANG_WARN_SUSPICIOUS_MOVE = YES;
				CLANG_WARN_UNREACHABLE_CODE = YES;
				CLANG_WARN__DUPLICATE_METHOD_MATCH = YES;
				"CODE_SIGN_IDENTITY[sdk=iphoneos*]" = "iPhone Developer";
				COPY_PHASE_STRIP = NO;
				DEBUG_INFORMATION_FORMAT = "dwarf-with-dsym";
				ENABLE_NS_ASSERTIONS = NO;
				ENABLE_STRICT_OBJC_MSGSEND = YES;
				GCC_C_LANGUAGE_STANDARD = gnu99;
				GCC_NO_COMMON_BLOCKS = YES;
				GCC_WARN_64_TO_32_BIT_CONVERSION = YES;
				GCC_WARN_ABOUT_RETURN_TYPE = YES_ERROR;
				GCC_WARN_UNDECLARED_SELECTOR = YES;
				GCC_WARN_UNINITIALIZED_AUTOS = YES_AGGRESSIVE;
				GCC_WARN_UNUSED_FUNCTION = YES;
				GCC_WARN_UNUSED_VARIABLE = YES;
				IPHONEOS_DEPLOYMENT_TARGET = 10.2;
				MTL_ENABLE_DEBUG_INFO = NO;
				SDKROOT = iphoneos;
				SWIFT_OPTIMIZATION_LEVEL = "-Owholemodule";
				TARGETED_DEVICE_FAMILY = "1,2";
				VALIDATE_PRODUCT = YES;
			};
			name = Release;
		};
		57DC18A41E64BEBA008632BF /* Debug */ = {
			isa = XCBuildConfiguration;
			baseConfigurationReference = B8A8491BFB30DE8C0379C4BC /* Pods-Im here.debug.xcconfig */;
			buildSettings = {
				ASSETCATALOG_COMPILER_APPICON_NAME = AppIcon;
				CLANG_ENABLE_MODULES = YES;
				DEVELOPMENT_TEAM = QS7TKRTVHZ;
				GCC_PREFIX_HEADER = "";
				INFOPLIST_FILE = "I'm here/Info.plist";
				LD_RUNPATH_SEARCH_PATHS = "$(inherited) @executable_path/Frameworks";
				PRODUCT_BUNDLE_IDENTIFIER = "VP.I-m-here";
				PRODUCT_NAME = "$(TARGET_NAME)";
				SWIFT_OBJC_BRIDGING_HEADER = "I'm here-Bridging-Header.h";
				SWIFT_OPTIMIZATION_LEVEL = "-Onone";
				SWIFT_VERSION = 3.0;
			};
			name = Debug;
		};
		57DC18A51E64BEBA008632BF /* Release */ = {
			isa = XCBuildConfiguration;
			baseConfigurationReference = C55220D48008E7295D9C7F75 /* Pods-Im here.release.xcconfig */;
			buildSettings = {
				ASSETCATALOG_COMPILER_APPICON_NAME = AppIcon;
				CLANG_ENABLE_MODULES = YES;
				DEVELOPMENT_TEAM = QS7TKRTVHZ;
				GCC_PREFIX_HEADER = "";
				INFOPLIST_FILE = "I'm here/Info.plist";
				LD_RUNPATH_SEARCH_PATHS = "$(inherited) @executable_path/Frameworks";
				PRODUCT_BUNDLE_IDENTIFIER = "VP.I-m-here";
				PRODUCT_NAME = "$(TARGET_NAME)";
				SWIFT_OBJC_BRIDGING_HEADER = "I'm here-Bridging-Header.h";
				SWIFT_VERSION = 3.0;
			};
			name = Release;
		};
/* End XCBuildConfiguration section */

/* Begin XCConfigurationList section */
		57DC188A1E64BEBA008632BF /* Build configuration list for PBXProject "Im here" */ = {
			isa = XCConfigurationList;
			buildConfigurations = (
				57DC18A11E64BEBA008632BF /* Debug */,
				57DC18A21E64BEBA008632BF /* Release */,
			);
			defaultConfigurationIsVisible = 0;
			defaultConfigurationName = Release;
		};
		57DC18A31E64BEBA008632BF /* Build configuration list for PBXNativeTarget "Im here" */ = {
			isa = XCConfigurationList;
			buildConfigurations = (
				57DC18A41E64BEBA008632BF /* Debug */,
				57DC18A51E64BEBA008632BF /* Release */,
			);
			defaultConfigurationIsVisible = 0;
			defaultConfigurationName = Release;
		};
/* End XCConfigurationList section */

/* Begin XCVersionGroup section */
		57819D0D1E65CECF00A767AD /* Shift.xcdatamodeld */ = {
			isa = XCVersionGroup;
			children = (
				57819D0E1E65CECF00A767AD /* Shift.xcdatamodel */,
			);
			currentVersion = 57819D0E1E65CECF00A767AD /* Shift.xcdatamodel */;
			path = Shift.xcdatamodeld;
			sourceTree = "<group>";
			versionGroupType = wrapper.xcdatamodel;
		};
/* End XCVersionGroup section */
	};
	rootObject = 57DC18871E64BEBA008632BF /* Project object */;
}
